// !$*UTF8*$!
{
	archiveVersion = 1;
	classes = {
	};
	objectVersion = 56;
	objects = {

/* Begin PBXBuildFile section */
		647AE7B42A7F6FB7001453F8 /* RichTextKit in Frameworks */ = {isa = PBXBuildFile; productRef = 647AE7B32A7F6FB7001453F8 /* RichTextKit */; };
		648CA2FB2A7ED4F200223AE1 /* IdeaFlowApp.swift in Sources */ = {isa = PBXBuildFile; fileRef = 648CA2FA2A7ED4F200223AE1 /* IdeaFlowApp.swift */; };
		648CA2FD2A7ED4F200223AE1 /* ContentView.swift in Sources */ = {isa = PBXBuildFile; fileRef = 648CA2FC2A7ED4F200223AE1 /* ContentView.swift */; };
		648CA2FF2A7ED4F300223AE1 /* Assets.xcassets in Resources */ = {isa = PBXBuildFile; fileRef = 648CA2FE2A7ED4F300223AE1 /* Assets.xcassets */; };
		648CA3022A7ED4F300223AE1 /* Preview Assets.xcassets in Resources */ = {isa = PBXBuildFile; fileRef = 648CA3012A7ED4F300223AE1 /* Preview Assets.xcassets */; };
		648CA30A2A7EE91D00223AE1 /* WSTagsField in Frameworks */ = {isa = PBXBuildFile; productRef = 648CA3092A7EE91D00223AE1 /* WSTagsField */; };
/* End PBXBuildFile section */

/* Begin PBXFileReference section */
		648CA2F72A7ED4F200223AE1 /* IdeaFlow.app */ = {isa = PBXFileReference; explicitFileType = wrapper.application; includeInIndex = 0; path = IdeaFlow.app; sourceTree = BUILT_PRODUCTS_DIR; };
		648CA2FA2A7ED4F200223AE1 /* IdeaFlowApp.swift */ = {isa = PBXFileReference; lastKnownFileType = sourcecode.swift; path = IdeaFlowApp.swift; sourceTree = "<group>"; };
		648CA2FC2A7ED4F200223AE1 /* ContentView.swift */ = {isa = PBXFileReference; lastKnownFileType = sourcecode.swift; path = ContentView.swift; sourceTree = "<group>"; };
		648CA2FE2A7ED4F300223AE1 /* Assets.xcassets */ = {isa = PBXFileReference; lastKnownFileType = folder.assetcatalog; path = Assets.xcassets; sourceTree = "<group>"; };
		648CA3012A7ED4F300223AE1 /* Preview Assets.xcassets */ = {isa = PBXFileReference; lastKnownFileType = folder.assetcatalog; path = "Preview Assets.xcassets"; sourceTree = "<group>"; };
/* End PBXFileReference section */

/* Begin PBXFrameworksBuildPhase section */
		648CA2F42A7ED4F200223AE1 /* Frameworks */ = {
			isa = PBXFrameworksBuildPhase;
			buildActionMask = 2147483647;
			files = (
				647AE7B42A7F6FB7001453F8 /* RichTextKit in Frameworks */,
				648CA30A2A7EE91D00223AE1 /* WSTagsField in Frameworks */,
			);
			runOnlyForDeploymentPostprocessing = 0;
		};
/* End PBXFrameworksBuildPhase section */

/* Begin PBXGroup section */
		648CA2EE2A7ED4F200223AE1 = {
			isa = PBXGroup;
			children = (
				648CA2F92A7ED4F200223AE1 /* IdeaFlow */,
				648CA2F82A7ED4F200223AE1 /* Products */,
			);
			sourceTree = "<group>";
		};
		648CA2F82A7ED4F200223AE1 /* Products */ = {
			isa = PBXGroup;
			children = (
				648CA2F72A7ED4F200223AE1 /* IdeaFlow.app */,
			);
			name = Products;
			sourceTree = "<group>";
		};
		648CA2F92A7ED4F200223AE1 /* IdeaFlow */ = {
			isa = PBXGroup;
			children = (
				648CA2FA2A7ED4F200223AE1 /* IdeaFlowApp.swift */,
				648CA2FC2A7ED4F200223AE1 /* ContentView.swift */,
				648CA2FE2A7ED4F300223AE1 /* Assets.xcassets */,
				648CA3002A7ED4F300223AE1 /* Preview Content */,
			);
			path = IdeaFlow;
			sourceTree = "<group>";
		};
		648CA3002A7ED4F300223AE1 /* Preview Content */ = {
			isa = PBXGroup;
			children = (
				648CA3012A7ED4F300223AE1 /* Preview Assets.xcassets */,
			);
			path = "Preview Content";
			sourceTree = "<group>";
		};
/* End PBXGroup section */

/* Begin PBXNativeTarget section */
		648CA2F62A7ED4F200223AE1 /* IdeaFlow */ = {
			isa = PBXNativeTarget;
			buildConfigurationList = 648CA3052A7ED4F300223AE1 /* Build configuration list for PBXNativeTarget "IdeaFlow" */;
			buildPhases = (
				648CA2F32A7ED4F200223AE1 /* Sources */,
				648CA2F42A7ED4F200223AE1 /* Frameworks */,
				648CA2F52A7ED4F200223AE1 /* Resources */,
			);
			buildRules = (
			);
			dependencies = (
			);
			name = IdeaFlow;
			packageProductDependencies = (
				648CA3092A7EE91D00223AE1 /* WSTagsField */,
				647AE7B32A7F6FB7001453F8 /* RichTextKit */,
			);
			productName = IdeaFlow;
			productReference = 648CA2F72A7ED4F200223AE1 /* IdeaFlow.app */;
			productType = "com.apple.product-type.application";
		};
/* End PBXNativeTarget section */

/* Begin PBXProject section */
		648CA2EF2A7ED4F200223AE1 /* Project object */ = {
			isa = PBXProject;
			attributes = {
				BuildIndependentTargetsInParallel = 1;
				LastSwiftUpdateCheck = 1430;
				LastUpgradeCheck = 1430;
				TargetAttributes = {
					648CA2F62A7ED4F200223AE1 = {
						CreatedOnToolsVersion = 14.3.1;
					};
				};
			};
			buildConfigurationList = 648CA2F22A7ED4F200223AE1 /* Build configuration list for PBXProject "IdeaFlow" */;
			compatibilityVersion = "Xcode 14.0";
			developmentRegion = en;
			hasScannedForEncodings = 0;
			knownRegions = (
				en,
				Base,
			);
			mainGroup = 648CA2EE2A7ED4F200223AE1;
			packageReferences = (
				648CA3082A7EE91D00223AE1 /* XCRemoteSwiftPackageReference "WSTagsField" */,
				647AE7B22A7F6FB7001453F8 /* XCRemoteSwiftPackageReference "RichTextKit" */,
			);
			productRefGroup = 648CA2F82A7ED4F200223AE1 /* Products */;
			projectDirPath = "";
			projectRoot = "";
			targets = (
				648CA2F62A7ED4F200223AE1 /* IdeaFlow */,
			);
		};
/* End PBXProject section */

/* Begin PBXResourcesBuildPhase section */
		648CA2F52A7ED4F200223AE1 /* Resources */ = {
			isa = PBXResourcesBuildPhase;
			buildActionMask = 2147483647;
			files = (
				648CA3022A7ED4F300223AE1 /* Preview Assets.xcassets in Resources */,
				648CA2FF2A7ED4F300223AE1 /* Assets.xcassets in Resources */,
			);
			runOnlyForDeploymentPostprocessing = 0;
		};
/* End PBXResourcesBuildPhase section */

/* Begin PBXSourcesBuildPhase section */
		648CA2F32A7ED4F200223AE1 /* Sources */ = {
			isa = PBXSourcesBuildPhase;
			buildActionMask = 2147483647;
			files = (
				648CA2FD2A7ED4F200223AE1 /* ContentView.swift in Sources */,
				648CA2FB2A7ED4F200223AE1 /* IdeaFlowApp.swift in Sources */,
			);
			runOnlyForDeploymentPostprocessing = 0;
		};
/* End PBXSourcesBuildPhase section */

/* Begin XCBuildConfiguration section */
		648CA3032A7ED4F300223AE1 /* Debug */ = {
			isa = XCBuildConfiguration;
			buildSettings = {
				ALWAYS_SEARCH_USER_PATHS = NO;
				CLANG_ANALYZER_NONNULL = YES;
				CLANG_ANALYZER_NUMBER_OBJECT_CONVERSION = YES_AGGRESSIVE;
				CLANG_CXX_LANGUAGE_STANDARD = "gnu++20";
				CLANG_ENABLE_MODULES = YES;
				CLANG_ENABLE_OBJC_ARC = YES;
				CLANG_ENABLE_OBJC_WEAK = YES;
				CLANG_WARN_BLOCK_CAPTURE_AUTORELEASING = YES;
				CLANG_WARN_BOOL_CONVERSION = YES;
				CLANG_WARN_COMMA = YES;
				CLANG_WARN_CONSTANT_CONVERSION = YES;
				CLANG_WARN_DEPRECATED_OBJC_IMPLEMENTATIONS = YES;
				CLANG_WARN_DIRECT_OBJC_ISA_USAGE = YES_ERROR;
				CLANG_WARN_DOCUMENTATION_COMMENTS = YES;
				CLANG_WARN_EMPTY_BODY = YES;
				CLANG_WARN_ENUM_CONVERSION = YES;
				CLANG_WARN_INFINITE_RECURSION = YES;
				CLANG_WARN_INT_CONVERSION = YES;
				CLANG_WARN_NON_LITERAL_NULL_CONVERSION = YES;
				CLANG_WARN_OBJC_IMPLICIT_RETAIN_SELF = YES;
				CLANG_WARN_OBJC_LITERAL_CONVERSION = YES;
				CLANG_WARN_OBJC_ROOT_CLASS = YES_ERROR;
				CLANG_WARN_QUOTED_INCLUDE_IN_FRAMEWORK_HEADER = YES;
				CLANG_WARN_RANGE_LOOP_ANALYSIS = YES;
				CLANG_WARN_STRICT_PROTOTYPES = YES;
				CLANG_WARN_SUSPICIOUS_MOVE = YES;
				CLANG_WARN_UNGUARDED_AVAILABILITY = YES_AGGRESSIVE;
				CLANG_WARN_UNREACHABLE_CODE = YES;
				CLANG_WARN__DUPLICATE_METHOD_MATCH = YES;
				COPY_PHASE_STRIP = NO;
				DEBUG_INFORMATION_FORMAT = dwarf;
				ENABLE_STRICT_OBJC_MSGSEND = YES;
				ENABLE_TESTABILITY = YES;
				GCC_C_LANGUAGE_STANDARD = gnu11;
				GCC_DYNAMIC_NO_PIC = NO;
				GCC_NO_COMMON_BLOCKS = YES;
				GCC_OPTIMIZATION_LEVEL = 0;
				GCC_PREPROCESSOR_DEFINITIONS = (
					"DEBUG=1",
					"$(inherited)",
				);
				GCC_WARN_64_TO_32_BIT_CONVERSION = YES;
				GCC_WARN_ABOUT_RETURN_TYPE = YES_ERROR;
				GCC_WARN_UNDECLARED_SELECTOR = YES;
				GCC_WARN_UNINITIALIZED_AUTOS = YES_AGGRESSIVE;
				GCC_WARN_UNUSED_FUNCTION = YES;
				GCC_WARN_UNUSED_VARIABLE = YES;
				IPHONEOS_DEPLOYMENT_TARGET = 16.4;
				MTL_ENABLE_DEBUG_INFO = INCLUDE_SOURCE;
				MTL_FAST_MATH = YES;
				ONLY_ACTIVE_ARCH = YES;
				SDKROOT = iphoneos;
				SWIFT_ACTIVE_COMPILATION_CONDITIONS = DEBUG;
				SWIFT_OPTIMIZATION_LEVEL = "-Onone";
			};
			name = Debug;
		};
		648CA3042A7ED4F300223AE1 /* Release */ = {
			isa = XCBuildConfiguration;
			buildSettings = {
				ALWAYS_SEARCH_USER_PATHS = NO;
				CLANG_ANALYZER_NONNULL = YES;
				CLANG_ANALYZER_NUMBER_OBJECT_CONVERSION = YES_AGGRESSIVE;
				CLANG_CXX_LANGUAGE_STANDARD = "gnu++20";
				CLANG_ENABLE_MODULES = YES;
				CLANG_ENABLE_OBJC_ARC = YES;
				CLANG_ENABLE_OBJC_WEAK = YES;
				CLANG_WARN_BLOCK_CAPTURE_AUTORELEASING = YES;
				CLANG_WARN_BOOL_CONVERSION = YES;
				CLANG_WARN_COMMA = YES;
				CLANG_WARN_CONSTANT_CONVERSION = YES;
				CLANG_WARN_DEPRECATED_OBJC_IMPLEMENTATIONS = YES;
				CLANG_WARN_DIRECT_OBJC_ISA_USAGE = YES_ERROR;
				CLANG_WARN_DOCUMENTATION_COMMENTS = YES;
				CLANG_WARN_EMPTY_BODY = YES;
				CLANG_WARN_ENUM_CONVERSION = YES;
				CLANG_WARN_INFINITE_RECURSION = YES;
				CLANG_WARN_INT_CONVERSION = YES;
				CLANG_WARN_NON_LITERAL_NULL_CONVERSION = YES;
				CLANG_WARN_OBJC_IMPLICIT_RETAIN_SELF = YES;
				CLANG_WARN_OBJC_LITERAL_CONVERSION = YES;
				CLANG_WARN_OBJC_ROOT_CLASS = YES_ERROR;
				CLANG_WARN_QUOTED_INCLUDE_IN_FRAMEWORK_HEADER = YES;
				CLANG_WARN_RANGE_LOOP_ANALYSIS = YES;
				CLANG_WARN_STRICT_PROTOTYPES = YES;
				CLANG_WARN_SUSPICIOUS_MOVE = YES;
				CLANG_WARN_UNGUARDED_AVAILABILITY = YES_AGGRESSIVE;
				CLANG_WARN_UNREACHABLE_CODE = YES;
				CLANG_WARN__DUPLICATE_METHOD_MATCH = YES;
				COPY_PHASE_STRIP = NO;
				DEBUG_INFORMATION_FORMAT = "dwarf-with-dsym";
				ENABLE_NS_ASSERTIONS = NO;
				ENABLE_STRICT_OBJC_MSGSEND = YES;
				GCC_C_LANGUAGE_STANDARD = gnu11;
				GCC_NO_COMMON_BLOCKS = YES;
				GCC_WARN_64_TO_32_BIT_CONVERSION = YES;
				GCC_WARN_ABOUT_RETURN_TYPE = YES_ERROR;
				GCC_WARN_UNDECLARED_SELECTOR = YES;
				GCC_WARN_UNINITIALIZED_AUTOS = YES_AGGRESSIVE;
				GCC_WARN_UNUSED_FUNCTION = YES;
				GCC_WARN_UNUSED_VARIABLE = YES;
				IPHONEOS_DEPLOYMENT_TARGET = 16.4;
				MTL_ENABLE_DEBUG_INFO = NO;
				MTL_FAST_MATH = YES;
				SDKROOT = iphoneos;
				SWIFT_COMPILATION_MODE = wholemodule;
				SWIFT_OPTIMIZATION_LEVEL = "-O";
				VALIDATE_PRODUCT = YES;
			};
			name = Release;
		};
		648CA3062A7ED4F300223AE1 /* Debug */ = {
			isa = XCBuildConfiguration;
			buildSettings = {
				ASSETCATALOG_COMPILER_APPICON_NAME = AppIcon;
				ASSETCATALOG_COMPILER_GLOBAL_ACCENT_COLOR_NAME = AccentColor;
				CODE_SIGN_STYLE = Automatic;
				CURRENT_PROJECT_VERSION = 1;
				DEVELOPMENT_ASSET_PATHS = "\"IdeaFlow/Preview Content\"";
				DEVELOPMENT_TEAM = UYNLFZE2ZJ;
				ENABLE_PREVIEWS = YES;
				GENERATE_INFOPLIST_FILE = YES;
				INFOPLIST_KEY_UIApplicationSceneManifest_Generation = YES;
				INFOPLIST_KEY_UIApplicationSupportsIndirectInputEvents = YES;
				INFOPLIST_KEY_UILaunchScreen_Generation = YES;
				INFOPLIST_KEY_UISupportedInterfaceOrientations_iPad = "UIInterfaceOrientationPortrait UIInterfaceOrientationPortraitUpsideDown UIInterfaceOrientationLandscapeLeft UIInterfaceOrientationLandscapeRight";
				INFOPLIST_KEY_UISupportedInterfaceOrientations_iPhone = "UIInterfaceOrientationPortrait UIInterfaceOrientationLandscapeLeft UIInterfaceOrientationLandscapeRight";
				LD_RUNPATH_SEARCH_PATHS = (
					"$(inherited)",
					"@executable_path/Frameworks",
				);
				MARKETING_VERSION = 1.0;
				PRODUCT_BUNDLE_IDENTIFIER = com.ashishd1712.IdeaFlow;
				PRODUCT_NAME = "$(TARGET_NAME)";
				SWIFT_EMIT_LOC_STRINGS = YES;
				SWIFT_VERSION = 5.0;
				TARGETED_DEVICE_FAMILY = "1,2";
			};
			name = Debug;
		};
		648CA3072A7ED4F300223AE1 /* Release */ = {
			isa = XCBuildConfiguration;
			buildSettings = {
				ASSETCATALOG_COMPILER_APPICON_NAME = AppIcon;
				ASSETCATALOG_COMPILER_GLOBAL_ACCENT_COLOR_NAME = AccentColor;
				CODE_SIGN_STYLE = Automatic;
				CURRENT_PROJECT_VERSION = 1;
				DEVELOPMENT_ASSET_PATHS = "\"IdeaFlow/Preview Content\"";
				DEVELOPMENT_TEAM = UYNLFZE2ZJ;
				ENABLE_PREVIEWS = YES;
				GENERATE_INFOPLIST_FILE = YES;
				INFOPLIST_KEY_UIApplicationSceneManifest_Generation = YES;
				INFOPLIST_KEY_UIApplicationSupportsIndirectInputEvents = YES;
				INFOPLIST_KEY_UILaunchScreen_Generation = YES;
				INFOPLIST_KEY_UISupportedInterfaceOrientations_iPad = "UIInterfaceOrientationPortrait UIInterfaceOrientationPortraitUpsideDown UIInterfaceOrientationLandscapeLeft UIInterfaceOrientationLandscapeRight";
				INFOPLIST_KEY_UISupportedInterfaceOrientations_iPhone = "UIInterfaceOrientationPortrait UIInterfaceOrientationLandscapeLeft UIInterfaceOrientationLandscapeRight";
				LD_RUNPATH_SEARCH_PATHS = (
					"$(inherited)",
					"@executable_path/Frameworks",
				);
				MARKETING_VERSION = 1.0;
				PRODUCT_BUNDLE_IDENTIFIER = com.ashishd1712.IdeaFlow;
				PRODUCT_NAME = "$(TARGET_NAME)";
				SWIFT_EMIT_LOC_STRINGS = YES;
				SWIFT_VERSION = 5.0;
				TARGETED_DEVICE_FAMILY = "1,2";
			};
			name = Release;
		};
/* End XCBuildConfiguration section */

/* Begin XCConfigurationList section */
		648CA2F22A7ED4F200223AE1 /* Build configuration list for PBXProject "IdeaFlow" */ = {
			isa = XCConfigurationList;
			buildConfigurations = (
				648CA3032A7ED4F300223AE1 /* Debug */,
				648CA3042A7ED4F300223AE1 /* Release */,
			);
			defaultConfigurationIsVisible = 0;
			defaultConfigurationName = Release;
		};
		648CA3052A7ED4F300223AE1 /* Build configuration list for PBXNativeTarget "IdeaFlow" */ = {
			isa = XCConfigurationList;
			buildConfigurations = (
				648CA3062A7ED4F300223AE1 /* Debug */,
				648CA3072A7ED4F300223AE1 /* Release */,
			);
			defaultConfigurationIsVisible = 0;
			defaultConfigurationName = Release;
		};
/* End XCConfigurationList section */

/* Begin XCRemoteSwiftPackageReference section */
		647AE7B22A7F6FB7001453F8 /* XCRemoteSwiftPackageReference "RichTextKit" */ = {
			isa = XCRemoteSwiftPackageReference;
			repositoryURL = "https://github.com/danielsaidi/RichTextKit.git";
			requirement = {
				kind = upToNextMajorVersion;
				minimumVersion = 0.7.2;
			};
		};
		648CA3082A7EE91D00223AE1 /* XCRemoteSwiftPackageReference "WSTagsField" */ = {
			isa = XCRemoteSwiftPackageReference;
			repositoryURL = "https://github.com/whitesmith/WSTagsField";
			requirement = {
				kind = upToNextMajorVersion;
				minimumVersion = 5.0.0;
			};
		};
/* End XCRemoteSwiftPackageReference section */

/* Begin XCSwiftPackageProductDependency section */
		647AE7B32A7F6FB7001453F8 /* RichTextKit */ = {
			isa = XCSwiftPackageProductDependency;
			package = 647AE7B22A7F6FB7001453F8 /* XCRemoteSwiftPackageReference "RichTextKit" */;
			productName = RichTextKit;
		};
		648CA3092A7EE91D00223AE1 /* WSTagsField */ = {
			isa = XCSwiftPackageProductDependency;
			package = 648CA3082A7EE91D00223AE1 /* XCRemoteSwiftPackageReference "WSTagsField" */;
			productName = WSTagsField;
		};
/* End XCSwiftPackageProductDependency section */
	};
	rootObject = 648CA2EF2A7ED4F200223AE1 /* Project object */;
}
